
Microsoft Visual Studio Solution File, Format Version 12.00
# Visual Studio Version 16
VisualStudioVersion = 16.0.30413.136
MinimumVisualStudioVersion = 10.0.40219.1
Project("{FAE04EC0-301F-11D3-BF4B-00C04F79EFBC}") = "Практическая работа №1", "Практическая работа №1\Практическая работа №1.csproj", "{C76F9E13-86BD-4F2D-A6F8-2796A6FC582B}"
EndProject
Project("{FAE04EC0-301F-11D3-BF4B-00C04F79EFBC}") = "Class1", "Class1\Class1.csproj", "{610D326B-5087-4374-B237-2D9942192B17}"
EndProject
Global
	GlobalSection(SolutionConfigurationPlatforms) = preSolution
		Debug|Any CPU = Debug|Any CPU
		Release|Any CPU = Release|Any CPU
	EndGlobalSection
	GlobalSection(ProjectConfigurationPlatforms) = postSolution
		{C76F9E13-86BD-4F2D-A6F8-2796A6FC582B}.Debug|Any CPU.ActiveCfg = Debug|Any CPU
		{C76F9E13-86BD-4F2D-A6F8-2796A6FC582B}.Debug|Any CPU.Build.0 = Debug|Any CPU
		{C76F9E13-86BD-4F2D-A6F8-2796A6FC582B}.Release|Any CPU.ActiveCfg = Release|Any CPU
		{C76F9E13-86BD-4F2D-A6F8-2796A6FC582B}.Release|Any CPU.Build.0 = Release|Any CPU
		{610D326B-5087-4374-B237-2D9942192B17}.Debug|Any CPU.ActiveCfg = Debug|Any CPU
		{610D326B-5087-4374-B237-2D9942192B17}.Debug|Any CPU.Build.0 = Debug|Any CPU
		{610D326B-5087-4374-B237-2D9942192B17}.Release|Any CPU.ActiveCfg = Release|Any CPU
		{610D326B-5087-4374-B237-2D9942192B17}.Release|Any CPU.Build.0 = Release|Any CPU
	EndGlobalSection
	GlobalSection(SolutionProperties) = preSolution
		HideSolutionNode = FALSE
	EndGlobalSection
	GlobalSection(ExtensibilityGlobals) = postSolution
		SolutionGuid = {5B8C5816-2A32-43E0-BE77-02E9055BF70D}
	EndGlobalSection
EndGlobal
